{
  "version": 4,
  "terraform_version": "1.16.2",
  "serial": 34,
  "lineage": "a7e3c169-1915-4d8f-7b28-4cc3cd6e85e9",
  "outputs": {
    "employee_details": {
      "value": {
        "2732436": {
          "Department": "Developers",
          "Group": "Developers",
          "Name": "Vinay Kumar",
          "Username": "vinay"
        },
        "2732443": {
          "Department": "DevOps",
          "Group": "DevOps",
          "Name": "Narendra Sivangula",
          "Username": "narendra"
        },
        "2732445": {
          "Department": "QA",
          "Group": "Testing",
          "Name": "Ram Kumar",
          "Username": "ram"
        },
        "2734567": {
          "Department": "DevOps",
          "Group": "DevOps",
          "Name": "Prem Chand",
          "Username": "prem"
        }
      },
      "type": [
        "object",
        {
          "2732436": [
            "object",
            {
              "Department": "string",
              "Group": "string",
              "Name": "string",
              "Username": "string"
            }
          ],
          "2732443": [
            "object",
            {
              "Department": "string",
              "Group": "string",
              "Name": "string",
              "Username": "string"
            }
          ],
          "2732445": [
            "object",
            {
              "Department": "string",
              "Group": "string",
              "Name": "string",
              "Username": "string"
            }
          ],
          "2734567": [
            "object",
            {
              "Department": "string",
              "Group": "string",
              "Name": "string",
              "Username": "string"
            }
          ]
        }
      ]
    },
    "policy_details": {
      "value": {
        "DevOps": {
          "Policy_ARN": "arn:aws:iam::aws:policy/PowerUserAccess"
        },
        "Developers": {
          "Policy_ARN": "arn:aws:iam::aws:policy/PowerUserAccess"
        },
        "Testing": {
          "Policy_ARN": "arn:aws:iam::aws:policy/ReadOnlyAccess"
        }
      },
      "type": [
        "object",
        {
          "DevOps": [
            "object",
            {
              "Policy_ARN": "string"
            }
          ],
          "Developers": [
            "object",
            {
              "Policy_ARN": "string"
            }
          ],
          "Testing": [
            "object",
            {
              "Policy_ARN": "string"
            }
          ]
        }
      ]
    }
  },
  "resources": [
    {
      "mode": "managed",
      "type": "aws_iam_group",
      "name": "groups",
      "provider": "provider[\"registry.terraform.io/hashicorp/aws\"]",
      "instances": [
        {
          "index_key": "DevOps",
          "schema_version": 0,
          "attributes": {
            "arn": "arn:aws:iam::334116998433:group/DevOps",
            "id": "DevOps",
            "name": "DevOps",
            "path": "/",
            "unique_id": "AGPAU3SXMZUQZ446CTVQZ"
          },
          "sensitive_attributes": [],
          "identity_schema_version": 0,
          "identity": {
            "account_id": "334116998433",
            "name": "DevOps"
          },
          "private": "bnVsbA=="
        },
        {
          "index_key": "Developers",
          "schema_version": 0,
          "attributes": {
            "arn": "arn:aws:iam::334116998433:group/Developers",
            "id": "Developers",
            "name": "Developers",
            "path": "/",
            "unique_id": "AGPAU3SXMZUQ4J6NPBKFY"
          },
          "sensitive_attributes": [],
          "identity_schema_version": 0,
          "identity": {
            "account_id": "334116998433",
            "name": "Developers"
          },
          "private": "bnVsbA=="
        },
        {
          "index_key": "Testing",
          "schema_version": 0,
          "attributes": {
            "arn": "arn:aws:iam::334116998433:group/Testing",
            "id": "Testing",
            "name": "Testing",
            "path": "/",
            "unique_id": "AGPAU3SXMZUQTVM5AFWYE"
          },
          "sensitive_attributes": [],
          "identity_schema_version": 0,
          "identity": {
            "account_id": "334116998433",
            "name": "Testing"
          },
          "private": "bnVsbA=="
        }
      ]
    },
    {
      "mode": "managed",
      "type": "aws_iam_policy_attachment",
      "name": "group_policy",
      "provider": "provider[\"registry.terraform.io/hashicorp/aws\"]",
      "instances": [
        {
          "index_key": "DevOps",
          "schema_version": 0,
          "attributes": {
            "groups": [
              "DevOps"
            ],
            "id": "DevOps",
            "name": "DevOps",
            "policy_arn": "arn:aws:iam::aws:policy/PowerUserAccess",
            "roles": null,
            "users": null
          },
          "sensitive_attributes": [],
          "identity_schema_version": 0,
          "identity": {
            "policy_arn": "arn:aws:iam::aws:policy/PowerUserAccess"
          },
          "private": "bnVsbA==",
          "dependencies": [
            "aws_iam_group.groups"
          ]
        },
        {
          "index_key": "Developers",
          "schema_version": 0,
          "attributes": {
            "groups": [
              "Developers"
            ],
            "id": "Developers",
            "name": "Developers",
            "policy_arn": "arn:aws:iam::aws:policy/PowerUserAccess",
            "roles": null,
            "users": null
          },
          "sensitive_attributes": [],
          "identity_schema_version": 0,
          "identity": {
            "policy_arn": "arn:aws:iam::aws:policy/PowerUserAccess"
          },
          "private": "bnVsbA==",
          "dependencies": [
            "aws_iam_group.groups"
          ]
        },
        {
          "index_key": "Testing",
          "schema_version": 0,
          "attributes": {
            "groups": [
              "Testing"
            ],
            "id": "Testing",
            "name": "Testing",
            "policy_arn": "arn:aws:iam::aws:policy/ReadOnlyAccess",
            "roles": null,
            "users": null
          },
          "sensitive_attributes": [],
          "identity_schema_version": 0,
          "identity": {
            "policy_arn": "arn:aws:iam::aws:policy/ReadOnlyAccess"
          },
          "private": "bnVsbA==",
          "dependencies": [
            "aws_iam_group.groups"
          ]
        }
      ]
    },
    {
      "mode": "managed",
      "type": "aws_iam_user",
      "name": "employees",
      "provider": "provider[\"registry.terraform.io/hashicorp/aws\"]",
      "instances": [
        {
          "index_key": "narendra",
          "schema_version": 0,
          "attributes": {
            "arn": "arn:aws:iam::334116998433:user/narendra",
            "force_destroy": false,
            "id": "narendra",
            "name": "narendra",
            "path": "/",
            "permissions_boundary": "",
            "tags": {
              "Department": "DevOps",
              "EmployeeID": "2732443",
              "Name": "Narendra Sivangula"
            },
            "tags_all": {
              "Department": "DevOps",
              "EmployeeID": "2732443",
              "Name": "Narendra Sivangula"
            },
            "unique_id": "AIDAU3SXMZUQX6BGVSNXF"
          },
          "sensitive_attributes": [],
          "identity_schema_version": 0,
          "identity": {
            "account_id": "334116998433",
            "name": "narendra"
          },
          "private": "bnVsbA=="
        },
        {
          "index_key": "prem",
          "schema_version": 0,
          "attributes": {
            "arn": "arn:aws:iam::334116998433:user/prem",
            "force_destroy": false,
            "id": "prem",
            "name": "prem",
            "path": "/",
            "permissions_boundary": "",
            "tags": {
              "Department": "DevOps",
              "EmployeeID": "2734567",
              "Name": "Prem Chand"
            },
            "tags_all": {
              "Department": "DevOps",
              "EmployeeID": "2734567",
              "Name": "Prem Chand"
            },
            "unique_id": "AIDAU3SXMZUQY65HLORBS"
          },
          "sensitive_attributes": [],
          "identity_schema_version": 0,
          "identity": {
            "account_id": "334116998433",
            "name": "prem"
          },
          "private": "bnVsbA=="
        },
        {
          "index_key": "ram",
          "schema_version": 0,
          "attributes": {
            "arn": "arn:aws:iam::334116998433:user/ram",
            "force_destroy": false,
            "id": "ram",
            "name": "ram",
            "path": "/",
            "permissions_boundary": "",
            "tags": {
              "Department": "QA",
              "EmployeeID": "2732445",
              "Name": "Ram Kumar"
            },
            "tags_all": {
              "Department": "QA",
              "EmployeeID": "2732445",
              "Name": "Ram Kumar"
            },
            "unique_id": "AIDAU3SXMZUQWROAV7K5Y"
          },
          "sensitive_attributes": [],
          "identity_schema_version": 0,
          "identity": {
            "account_id": "334116998433",
            "name": "ram"
          },
          "private": "bnVsbA=="
        },
        {
          "index_key": "vinay",
          "schema_version": 0,
          "attributes": {
            "arn": "arn:aws:iam::334116998433:user/vinay",
            "force_destroy": false,
            "id": "vinay",
            "name": "vinay",
            "path": "/",
            "permissions_boundary": "",
            "tags": {
              "Department": "Developers",
              "EmployeeID": "2732436",
              "Name": "Vinay Kumar"
            },
            "tags_all": {
              "Department": "Developers",
              "EmployeeID": "2732436",
              "Name": "Vinay Kumar"
            },
            "unique_id": "AIDAU3SXMZUQ32X2P676Y"
          },
          "sensitive_attributes": [],
          "identity_schema_version": 0,
          "identity": {
            "account_id": "334116998433",
            "name": "vinay"
          },
          "private": "bnVsbA=="
        }
      ]
    },
    {
      "mode": "managed",
      "type": "aws_iam_user_group_membership",
      "name": "employees",
      "provider": "provider[\"registry.terraform.io/hashicorp/aws\"]",
      "instances": [
        {
          "index_key": "narendra",
          "schema_version": 0,
          "attributes": {
            "groups": [
              "DevOps"
            ],
            "id": "terraform-kKTJq1rzkhWhwkJ6sPJiTFkpOe",
            "user": "narendra"
          },
          "sensitive_attributes": [],
          "identity_schema_version": 0,
          "private": "bnVsbA==",
          "dependencies": [
            "aws_iam_group.groups",
            "aws_iam_user.employees"
          ]
        },
        {
          "index_key": "prem",
          "schema_version": 0,
          "attributes": {
            "groups": [
              "DevOps"
            ],
            "id": "terraform-CeVH8JkIyNEe7SdF8Q0qvpnPvX",
            "user": "prem"
          },
          "sensitive_attributes": [],
          "identity_schema_version": 0,
          "private": "bnVsbA==",
          "dependencies": [
            "aws_iam_group.groups",
            "aws_iam_user.employees"
          ]
        },
        {
          "index_key": "ram",
          "schema_version": 0,
          "attributes": {
            "groups": [
              "Testing"
            ],
            "id": "terraform-TztYLKeEmI16SaZdGTS5mel7i2",
            "user": "ram"
          },
          "sensitive_attributes": [],
          "identity_schema_version": 0,
          "private": "bnVsbA==",
          "dependencies": [
            "aws_iam_group.groups",
            "aws_iam_user.employees"
          ]
        },
        {
          "index_key": "vinay",
          "schema_version": 0,
          "attributes": {
            "groups": [
              "Developers"
            ],
            "id": "terraform-yNmD8CTNC3fnz16fpV0n3TYJfT",
            "user": "vinay"
          },
          "sensitive_attributes": [],
          "identity_schema_version": 0,
          "private": "bnVsbA==",
          "dependencies": [
            "aws_iam_group.groups",
            "aws_iam_user.employees"
          ]
        }
      ]
    }
  ],
  "check_results": null
}
